
Microsoft Visual Studio Solution File, Format Version 12.00
# Visual Studio Version 17
VisualStudioVersion = 17.10.35013.160
MinimumVisualStudioVersion = 10.0.40219.1
Project("{2150E333-8FDC-42A3-9474-1A3956D46DE8}") = "src", "src", "{2AC877F8-CFB4-4115-A894-A9660FD0AD23}"
EndProject
Project("{2150E333-8FDC-42A3-9474-1A3956D46DE8}") = "test", "test", "{84E3AF75-5830-4B0E-AF81-75F7E2982136}"
EndProject
Project("{2150E333-8FDC-42A3-9474-1A3956D46DE8}") = "API", "API", "{5479E93A-F52F-4DCC-9390-EBDDF63A266D}"
EndProject
Project("{2150E333-8FDC-42A3-9474-1A3956D46DE8}") = "Core", "Core", "{E82C6C20-EC18-4159-BA26-4130182786E0}"
EndProject
Project("{2150E333-8FDC-42A3-9474-1A3956D46DE8}") = "UI", "UI", "{2C615255-779F-4AD0-B425-65FDEE054229}"
EndProject
Project("{2150E333-8FDC-42A3-9474-1A3956D46DE8}") = "Infrastructure", "Infrastructure", "{AA58D4FF-5F09-434F-A3D1-139E27527832}"
EndProject
Project("{9A19103F-16F7-4668-BE54-9A1E7A4F7556}") = "Taxi.Domain", "Taxi.Domain\Taxi.Domain.csproj", "{2DA10FA6-EA65-481D-83A4-F87C778F268D}"
EndProject
Project("{9A19103F-16F7-4668-BE54-9A1E7A4F7556}") = "Taxi.Aplication", "Taxi.Aplication\Taxi.Aplication.csproj", "{09D04699-E518-4D06-AB4D-165BA80FDED7}"
EndProject
Project("{9A19103F-16F7-4668-BE54-9A1E7A4F7556}") = "Taxi.Api", "Taxi.Api\Taxi.Api.csproj", "{F035A982-37E7-4C93-A49F-A6AC36793CEF}"
EndProject
Project("{9A19103F-16F7-4668-BE54-9A1E7A4F7556}") = "Taxi.Identity", "Taxi.Identity\Taxi.Identity.csproj", "{D18E025E-2F3F-41DD-80BD-21F66F5CEDA3}"
EndProject
Project("{9A19103F-16F7-4668-BE54-9A1E7A4F7556}") = "Taxi.Infrastructure", "Taxi.Infrastructure\Taxi.Infrastructure.csproj", "{C4AA0D45-C0F0-4F7A-A047-F37F1E5529AC}"
EndProject
Project("{9A19103F-16F7-4668-BE54-9A1E7A4F7556}") = "Taxi.Persistence", "Taxi.Persistence\Taxi.Persistence.csproj", "{207285C6-019D-4362-A153-53B9A82C62A6}"
EndProject
Project("{9A19103F-16F7-4668-BE54-9A1E7A4F7556}") = "Taxi.App", "Taxi.App\Taxi.App.csproj", "{D7C7C3B3-E44D-4D85-9A5E-983FA9F27469}"
EndProject
Global
	GlobalSection(SolutionConfigurationPlatforms) = preSolution
		Debug|Any CPU = Debug|Any CPU
		Release|Any CPU = Release|Any CPU
	EndGlobalSection
	GlobalSection(ProjectConfigurationPlatforms) = postSolution
		{2DA10FA6-EA65-481D-83A4-F87C778F268D}.Debug|Any CPU.ActiveCfg = Debug|Any CPU
		{2DA10FA6-EA65-481D-83A4-F87C778F268D}.Debug|Any CPU.Build.0 = Debug|Any CPU
		{2DA10FA6-EA65-481D-83A4-F87C778F268D}.Release|Any CPU.ActiveCfg = Release|Any CPU
		{2DA10FA6-EA65-481D-83A4-F87C778F268D}.Release|Any CPU.Build.0 = Release|Any CPU
		{09D04699-E518-4D06-AB4D-165BA80FDED7}.Debug|Any CPU.ActiveCfg = Debug|Any CPU
		{09D04699-E518-4D06-AB4D-165BA80FDED7}.Debug|Any CPU.Build.0 = Debug|Any CPU
		{09D04699-E518-4D06-AB4D-165BA80FDED7}.Release|Any CPU.ActiveCfg = Release|Any CPU
		{09D04699-E518-4D06-AB4D-165BA80FDED7}.Release|Any CPU.Build.0 = Release|Any CPU
		{F035A982-37E7-4C93-A49F-A6AC36793CEF}.Debug|Any CPU.ActiveCfg = Debug|Any CPU
		{F035A982-37E7-4C93-A49F-A6AC36793CEF}.Debug|Any CPU.Build.0 = Debug|Any CPU
		{F035A982-37E7-4C93-A49F-A6AC36793CEF}.Release|Any CPU.ActiveCfg = Release|Any CPU
		{F035A982-37E7-4C93-A49F-A6AC36793CEF}.Release|Any CPU.Build.0 = Release|Any CPU
		{D18E025E-2F3F-41DD-80BD-21F66F5CEDA3}.Debug|Any CPU.ActiveCfg = Debug|Any CPU
		{D18E025E-2F3F-41DD-80BD-21F66F5CEDA3}.Debug|Any CPU.Build.0 = Debug|Any CPU
		{D18E025E-2F3F-41DD-80BD-21F66F5CEDA3}.Release|Any CPU.ActiveCfg = Release|Any CPU
		{D18E025E-2F3F-41DD-80BD-21F66F5CEDA3}.Release|Any CPU.Build.0 = Release|Any CPU
		{C4AA0D45-C0F0-4F7A-A047-F37F1E5529AC}.Debug|Any CPU.ActiveCfg = Debug|Any CPU
		{C4AA0D45-C0F0-4F7A-A047-F37F1E5529AC}.Debug|Any CPU.Build.0 = Debug|Any CPU
		{C4AA0D45-C0F0-4F7A-A047-F37F1E5529AC}.Release|Any CPU.ActiveCfg = Release|Any CPU
		{C4AA0D45-C0F0-4F7A-A047-F37F1E5529AC}.Release|Any CPU.Build.0 = Release|Any CPU
		{207285C6-019D-4362-A153-53B9A82C62A6}.Debug|Any CPU.ActiveCfg = Debug|Any CPU
		{207285C6-019D-4362-A153-53B9A82C62A6}.Debug|Any CPU.Build.0 = Debug|Any CPU
		{207285C6-019D-4362-A153-53B9A82C62A6}.Release|Any CPU.ActiveCfg = Release|Any CPU
		{207285C6-019D-4362-A153-53B9A82C62A6}.Release|Any CPU.Build.0 = Release|Any CPU
		{D7C7C3B3-E44D-4D85-9A5E-983FA9F27469}.Debug|Any CPU.ActiveCfg = Debug|Any CPU
		{D7C7C3B3-E44D-4D85-9A5E-983FA9F27469}.Debug|Any CPU.Build.0 = Debug|Any CPU
		{D7C7C3B3-E44D-4D85-9A5E-983FA9F27469}.Debug|Any CPU.Deploy.0 = Debug|Any CPU
		{D7C7C3B3-E44D-4D85-9A5E-983FA9F27469}.Release|Any CPU.ActiveCfg = Release|Any CPU
		{D7C7C3B3-E44D-4D85-9A5E-983FA9F27469}.Release|Any CPU.Build.0 = Release|Any CPU
		{D7C7C3B3-E44D-4D85-9A5E-983FA9F27469}.Release|Any CPU.Deploy.0 = Release|Any CPU
	EndGlobalSection
	GlobalSection(SolutionProperties) = preSolution
		HideSolutionNode = FALSE
	EndGlobalSection
	GlobalSection(NestedProjects) = preSolution
		{5479E93A-F52F-4DCC-9390-EBDDF63A266D} = {2AC877F8-CFB4-4115-A894-A9660FD0AD23}
		{E82C6C20-EC18-4159-BA26-4130182786E0} = {2AC877F8-CFB4-4115-A894-A9660FD0AD23}
		{2C615255-779F-4AD0-B425-65FDEE054229} = {2AC877F8-CFB4-4115-A894-A9660FD0AD23}
		{AA58D4FF-5F09-434F-A3D1-139E27527832} = {2AC877F8-CFB4-4115-A894-A9660FD0AD23}
		{2DA10FA6-EA65-481D-83A4-F87C778F268D} = {E82C6C20-EC18-4159-BA26-4130182786E0}
		{09D04699-E518-4D06-AB4D-165BA80FDED7} = {E82C6C20-EC18-4159-BA26-4130182786E0}
		{F035A982-37E7-4C93-A49F-A6AC36793CEF} = {5479E93A-F52F-4DCC-9390-EBDDF63A266D}
		{D18E025E-2F3F-41DD-80BD-21F66F5CEDA3} = {AA58D4FF-5F09-434F-A3D1-139E27527832}
		{C4AA0D45-C0F0-4F7A-A047-F37F1E5529AC} = {AA58D4FF-5F09-434F-A3D1-139E27527832}
		{207285C6-019D-4362-A153-53B9A82C62A6} = {AA58D4FF-5F09-434F-A3D1-139E27527832}
		{D7C7C3B3-E44D-4D85-9A5E-983FA9F27469} = {2C615255-779F-4AD0-B425-65FDEE054229}
	EndGlobalSection
	GlobalSection(ExtensibilityGlobals) = postSolution
		SolutionGuid = {DC06199A-E743-4D21-BC4B-76D801E998E1}
	EndGlobalSection
EndGlobal
